
Microsoft Visual Studio Solution File, Format Version 12.00
# Visual Studio Version 17
VisualStudioVersion = 17.9.34622.214
MinimumVisualStudioVersion = 10.0.40219.1
Project("{FAE04EC0-301F-11D3-BF4B-00C04F79EFBC}") = "Project", "Project.csproj", "{1025B516-1E78-4F05-8BBF-9AB89336FD5A}"
EndProject
Global
	GlobalSection(SolutionConfigurationPlatforms) = preSolution
		Debug|Any CPU = Debug|Any CPU
		Release|Any CPU = Release|Any CPU
	EndGlobalSection
	GlobalSection(ProjectConfigurationPlatforms) = postSolution
		{1025B516-1E78-4F05-8BBF-9AB89336FD5A}.Debug|Any CPU.ActiveCfg = Debug|Any CPU
		{1025B516-1E78-4F05-8BBF-9AB89336FD5A}.Debug|Any CPU.Build.0 = Debug|Any CPU
		{1025B516-1E78-4F05-8BBF-9AB89336FD5A}.Release|Any CPU.ActiveCfg = Release|Any CPU
		{1025B516-1E78-4F05-8BBF-9AB89336FD5A}.Release|Any CPU.Build.0 = Release|Any CPU
	EndGlobalSection
	GlobalSection(SolutionProperties) = preSolution
		HideSolutionNode = FALSE
	EndGlobalSection
	GlobalSection(ExtensibilityGlobals) = postSolution
		SolutionGuid = {CC75AFD3-8BF7-4E2C-8AA9-413F34862065}
	EndGlobalSection
EndGlobal
